
Microsoft Visual Studio Solution File, Format Version 12.00
# Visual Studio 14
VisualStudioVersion = 14.0.24720.0
MinimumVisualStudioVersion = 10.0.40219.1
Project("{FAE04EC0-301F-11D3-BF4B-00C04F79EFBC}") = "BitcoinUtilities", "BitcoinUtilities\BitcoinUtilities.csproj", "{36C6CCB9-5611-40F7-95B5-47FC25EC3B63}"
EndProject
Project("{FAE04EC0-301F-11D3-BF4B-00C04F79EFBC}") = "Test.BitcoinUtilities", "Test.BitcoinUtilities\Test.BitcoinUtilities.csproj", "{CBF88519-4383-4B85-8DC3-AB04EB88302A}"
EndProject
Project("{FAE04EC0-301F-11D3-BF4B-00C04F79EFBC}") = "BitcoinUtilities.Storage", "BitcoinUtilities.Storage\BitcoinUtilities.Storage.csproj", "{C40E8B76-3F0E-4B16-AA34-136122B985D6}"
EndProject
Project("{FAE04EC0-301F-11D3-BF4B-00C04F79EFBC}") = "Test.BitcoinUtilities.Storage", "Test.BitcoinUtilities.Storage\Test.BitcoinUtilities.Storage.csproj", "{DB5647CA-D75E-44A8-A1A2-B849D32A394C}"
EndProject
Project("{FAE04EC0-301F-11D3-BF4B-00C04F79EFBC}") = "BitcoinUtilities.GUI", "BitcoinUtilities.GUI\BitcoinUtilities.GUI.csproj", "{A4AA1793-AE7A-44EE-92FA-E37609EE7B3C}"
EndProject
Project("{FAE04EC0-301F-11D3-BF4B-00C04F79EFBC}") = "BitcoinUtilities.GUI.ViewModels", "BitcoinUtilities.GUI.ViewModels\BitcoinUtilities.GUI.ViewModels.csproj", "{1D98E7B7-5D52-4E4A-BACB-295F46AC6752}"
EndProject
Project("{FAE04EC0-301F-11D3-BF4B-00C04F79EFBC}") = "BitcoinUtilities.GUI.Views", "BitcoinUtilities.GUI.Views\BitcoinUtilities.GUI.Views.csproj", "{B8C1BF7C-ED67-4C4C-8C09-EFE50A1EC39D}"
EndProject
Project("{FAE04EC0-301F-11D3-BF4B-00C04F79EFBC}") = "BitcoinUtilities.GUI.Models", "BitcoinUtilities.GUI.Models\BitcoinUtilities.GUI.Models.csproj", "{99D7210D-2CA0-41CE-B576-DBC262339AD9}"
EndProject
Project("{FAE04EC0-301F-11D3-BF4B-00C04F79EFBC}") = "Test.BitcoinUtilities.GUI.Models", "Test.BitcoinUtilities.GUI.Models\Test.BitcoinUtilities.GUI.Models.csproj", "{DA396F9B-FA0E-486C-83F2-52F01DC0F5EC}"
EndProject
Project("{FAE04EC0-301F-11D3-BF4B-00C04F79EFBC}") = "TestUtilities", "TestUtilities\TestUtilities.csproj", "{63B435D9-2923-4BA1-AC86-576A8BD2AE22}"
EndProject
Global
	GlobalSection(SolutionConfigurationPlatforms) = preSolution
		Debug|Any CPU = Debug|Any CPU
		Release|Any CPU = Release|Any CPU
	EndGlobalSection
	GlobalSection(ProjectConfigurationPlatforms) = postSolution
		{36C6CCB9-5611-40F7-95B5-47FC25EC3B63}.Debug|Any CPU.ActiveCfg = Debug|Any CPU
		{36C6CCB9-5611-40F7-95B5-47FC25EC3B63}.Debug|Any CPU.Build.0 = Debug|Any CPU
		{36C6CCB9-5611-40F7-95B5-47FC25EC3B63}.Release|Any CPU.ActiveCfg = Release|Any CPU
		{36C6CCB9-5611-40F7-95B5-47FC25EC3B63}.Release|Any CPU.Build.0 = Release|Any CPU
		{CBF88519-4383-4B85-8DC3-AB04EB88302A}.Debug|Any CPU.ActiveCfg = Debug|Any CPU
		{CBF88519-4383-4B85-8DC3-AB04EB88302A}.Debug|Any CPU.Build.0 = Debug|Any CPU
		{CBF88519-4383-4B85-8DC3-AB04EB88302A}.Release|Any CPU.ActiveCfg = Release|Any CPU
		{CBF88519-4383-4B85-8DC3-AB04EB88302A}.Release|Any CPU.Build.0 = Release|Any CPU
		{C40E8B76-3F0E-4B16-AA34-136122B985D6}.Debug|Any CPU.ActiveCfg = Debug|Any CPU
		{C40E8B76-3F0E-4B16-AA34-136122B985D6}.Debug|Any CPU.Build.0 = Debug|Any CPU
		{C40E8B76-3F0E-4B16-AA34-136122B985D6}.Release|Any CPU.ActiveCfg = Release|Any CPU
		{C40E8B76-3F0E-4B16-AA34-136122B985D6}.Release|Any CPU.Build.0 = Release|Any CPU
		{DB5647CA-D75E-44A8-A1A2-B849D32A394C}.Debug|Any CPU.ActiveCfg = Debug|Any CPU
		{DB5647CA-D75E-44A8-A1A2-B849D32A394C}.Debug|Any CPU.Build.0 = Debug|Any CPU
		{DB5647CA-D75E-44A8-A1A2-B849D32A394C}.Release|Any CPU.ActiveCfg = Release|Any CPU
		{DB5647CA-D75E-44A8-A1A2-B849D32A394C}.Release|Any CPU.Build.0 = Release|Any CPU
		{A4AA1793-AE7A-44EE-92FA-E37609EE7B3C}.Debug|Any CPU.ActiveCfg = Debug|Any CPU
		{A4AA1793-AE7A-44EE-92FA-E37609EE7B3C}.Debug|Any CPU.Build.0 = Debug|Any CPU
		{A4AA1793-AE7A-44EE-92FA-E37609EE7B3C}.Release|Any CPU.ActiveCfg = Release|Any CPU
		{A4AA1793-AE7A-44EE-92FA-E37609EE7B3C}.Release|Any CPU.Build.0 = Release|Any CPU
		{1D98E7B7-5D52-4E4A-BACB-295F46AC6752}.Debug|Any CPU.ActiveCfg = Debug|Any CPU
		{1D98E7B7-5D52-4E4A-BACB-295F46AC6752}.Debug|Any CPU.Build.0 = Debug|Any CPU
		{1D98E7B7-5D52-4E4A-BACB-295F46AC6752}.Release|Any CPU.ActiveCfg = Release|Any CPU
		{1D98E7B7-5D52-4E4A-BACB-295F46AC6752}.Release|Any CPU.Build.0 = Release|Any CPU
		{B8C1BF7C-ED67-4C4C-8C09-EFE50A1EC39D}.Debug|Any CPU.ActiveCfg = Debug|Any CPU
		{B8C1BF7C-ED67-4C4C-8C09-EFE50A1EC39D}.Debug|Any CPU.Build.0 = Debug|Any CPU
		{B8C1BF7C-ED67-4C4C-8C09-EFE50A1EC39D}.Release|Any CPU.ActiveCfg = Release|Any CPU
		{B8C1BF7C-ED67-4C4C-8C09-EFE50A1EC39D}.Release|Any CPU.Build.0 = Release|Any CPU
		{99D7210D-2CA0-41CE-B576-DBC262339AD9}.Debug|Any CPU.ActiveCfg = Debug|Any CPU
		{99D7210D-2CA0-41CE-B576-DBC262339AD9}.Debug|Any CPU.Build.0 = Debug|Any CPU
		{99D7210D-2CA0-41CE-B576-DBC262339AD9}.Release|Any CPU.ActiveCfg = Release|Any CPU
		{99D7210D-2CA0-41CE-B576-DBC262339AD9}.Release|Any CPU.Build.0 = Release|Any CPU
		{DA396F9B-FA0E-486C-83F2-52F01DC0F5EC}.Debug|Any CPU.ActiveCfg = Debug|Any CPU
		{DA396F9B-FA0E-486C-83F2-52F01DC0F5EC}.Debug|Any CPU.Build.0 = Debug|Any CPU
		{DA396F9B-FA0E-486C-83F2-52F01DC0F5EC}.Release|Any CPU.ActiveCfg = Release|Any CPU
		{DA396F9B-FA0E-486C-83F2-52F01DC0F5EC}.Release|Any CPU.Build.0 = Release|Any CPU
		{63B435D9-2923-4BA1-AC86-576A8BD2AE22}.Debug|Any CPU.ActiveCfg = Debug|Any CPU
		{63B435D9-2923-4BA1-AC86-576A8BD2AE22}.Debug|Any CPU.Build.0 = Debug|Any CPU
		{63B435D9-2923-4BA1-AC86-576A8BD2AE22}.Release|Any CPU.ActiveCfg = Release|Any CPU
		{63B435D9-2923-4BA1-AC86-576A8BD2AE22}.Release|Any CPU.Build.0 = Release|Any CPU
	EndGlobalSection
	GlobalSection(SolutionProperties) = preSolution
		HideSolutionNode = FALSE
	EndGlobalSection
EndGlobal
